
Microsoft Visual Studio Solution File, Format Version 12.00
Project("{FAE04EC0-301F-11D3-BF4B-00C04F79EFBC}") = "SeleniumCore", "SeleniumCore\SeleniumCore.csproj", "{73FC0F75-34C9-48B7-92CB-2DB6406ABB34}"
EndProject
Project("{FAE04EC0-301F-11D3-BF4B-00C04F79EFBC}") = "PageObjects", "PageObjects\PageObjects.csproj", "{60D98D50-AC54-480F-B823-EC42FC89C403}"
EndProject
Project("{FAE04EC0-301F-11D3-BF4B-00C04F79EFBC}") = "SeleniumTests", "SeleniumTests\SeleniumTests.csproj", "{28F745A9-5796-45E8-8752-0AC41281ED89}"
EndProject
Global
	GlobalSection(SolutionConfigurationPlatforms) = preSolution
		Debug|Any CPU = Debug|Any CPU
		Release|Any CPU = Release|Any CPU
	EndGlobalSection
	GlobalSection(ProjectConfigurationPlatforms) = postSolution
		{73FC0F75-34C9-48B7-92CB-2DB6406ABB34}.Debug|Any CPU.ActiveCfg = Debug|Any CPU
		{73FC0F75-34C9-48B7-92CB-2DB6406ABB34}.Debug|Any CPU.Build.0 = Debug|Any CPU
		{73FC0F75-34C9-48B7-92CB-2DB6406ABB34}.Release|Any CPU.ActiveCfg = Release|Any CPU
		{73FC0F75-34C9-48B7-92CB-2DB6406ABB34}.Release|Any CPU.Build.0 = Release|Any CPU
		{60D98D50-AC54-480F-B823-EC42FC89C403}.Debug|Any CPU.ActiveCfg = Debug|Any CPU
		{60D98D50-AC54-480F-B823-EC42FC89C403}.Debug|Any CPU.Build.0 = Debug|Any CPU
		{60D98D50-AC54-480F-B823-EC42FC89C403}.Release|Any CPU.ActiveCfg = Release|Any CPU
		{60D98D50-AC54-480F-B823-EC42FC89C403}.Release|Any CPU.Build.0 = Release|Any CPU
		{28F745A9-5796-45E8-8752-0AC41281ED89}.Debug|Any CPU.ActiveCfg = Debug|Any CPU
		{28F745A9-5796-45E8-8752-0AC41281ED89}.Debug|Any CPU.Build.0 = Debug|Any CPU
		{28F745A9-5796-45E8-8752-0AC41281ED89}.Release|Any CPU.ActiveCfg = Release|Any CPU
		{28F745A9-5796-45E8-8752-0AC41281ED89}.Release|Any CPU.Build.0 = Release|Any CPU
	EndGlobalSection
EndGlobal
